
Microsoft Visual Studio Solution File, Format Version 12.00
# Visual Studio Version 17
VisualStudioVersion = 17.12.35707.178
MinimumVisualStudioVersion = 10.0.40219.1
Project("{2150E333-8FDC-42A3-9474-1A3956D46DE8}") = "异步编程", "异步编程", "{A5F97148-2377-4C68-9D47-99A17BCD5E02}"
EndProject
Project("{2150E333-8FDC-42A3-9474-1A3956D46DE8}") = "Sop", "Sop", "{0D78D2A0-B052-4DE6-82B5-2073F34140DD}"
	ProjectSection(SolutionItems) = preProject
		C:\Users\14269\Desktop\ReadMe.txt = C:\Users\14269\Desktop\ReadMe.txt
	EndProjectSection
EndProject
Project("{FAE04EC0-301F-11D3-BF4B-00C04F79EFBC}") = "ConsoleApp1", "ConsoleApp1\ConsoleApp1.csproj", "{15724733-6881-41CD-BA5B-9B6C43FCED49}"
EndProject
Project("{FAE04EC0-301F-11D3-BF4B-00C04F79EFBC}") = "ConsoleAppAsync1", "ConsoleAppAsync1\ConsoleAppAsync1.csproj", "{A35CD445-4E59-4CA4-B629-CB6E42539D1A}"
EndProject
Project("{2150E333-8FDC-42A3-9474-1A3956D46DE8}") = "依赖注入", "依赖注入", "{7BFC0BEC-8421-4963-9DD0-202BC44C6282}"
EndProject
Project("{FAE04EC0-301F-11D3-BF4B-00C04F79EFBC}") = "ConsoleAppIOC", "ConsoleAppIOC\ConsoleAppIOC.csproj", "{46404C4F-C61C-4F29-9D24-BF110F7D89F2}"
EndProject
Project("{FAE04EC0-301F-11D3-BF4B-00C04F79EFBC}") = "ConsoleAppDI", "ConsoleAppDI\ConsoleAppDI.csproj", "{3B6F9AF4-AE97-42CA-9067-49E1B94492E8}"
EndProject
Project("{2150E333-8FDC-42A3-9474-1A3956D46DE8}") = "DI综合案例-1", "DI综合案例-1", "{488D6559-A1C0-4CBD-B1DE-DE8C5E7A5B3A}"
	ProjectSection(SolutionItems) = preProject
		ConsoleAppDI\DI综合案例\ReadMe.txt = ConsoleAppDI\DI综合案例\ReadMe.txt
	EndProjectSection
EndProject
Project("{FAE04EC0-301F-11D3-BF4B-00C04F79EFBC}") = "ConsoleAppMailSender", "ConsoleAppMailSender\ConsoleAppMailSender.csproj", "{1FC67BA7-3B4E-43A4-8DEC-AAA2AD2E482D}"
EndProject
Project("{FAE04EC0-301F-11D3-BF4B-00C04F79EFBC}") = "LogServices", "LogServices\LogServices.csproj", "{1FD4ED26-DF3B-4495-AFAE-1DFFD3B2A006}"
EndProject
Project("{FAE04EC0-301F-11D3-BF4B-00C04F79EFBC}") = "MailServices", "MailServices\MailServices.csproj", "{46DA36C7-87B8-45DF-8104-03C84AC631E7}"
EndProject
Project("{FAE04EC0-301F-11D3-BF4B-00C04F79EFBC}") = "ConfigService", "ConfigService\ConfigService.csproj", "{BDC9CA59-F3C0-4AF0-B2AF-D9BB99163E66}"
EndProject
Project("{2150E333-8FDC-42A3-9474-1A3956D46DE8}") = "C#新特性", "C#新特性", "{A0947BA0-BBDC-4457-B574-9471516089A3}"
EndProject
Project("{FAE04EC0-301F-11D3-BF4B-00C04F79EFBC}") = "ConsoleApp2", "ConsoleApp2\ConsoleApp2.csproj", "{15F1CEF8-0926-411E-8A4C-83D1A13AEF49}"
EndProject
Project("{2150E333-8FDC-42A3-9474-1A3956D46DE8}") = "Web", "Web", "{E65B6295-521C-49F9-9E29-2B3DDFC2E1FC}"
EndProject
Project("{FAE04EC0-301F-11D3-BF4B-00C04F79EFBC}") = "WebMVC", "WebMVC\WebMVC.csproj", "{3D5352D0-3E6E-426F-938F-D55E8F44A4AF}"
EndProject
Global
	GlobalSection(SolutionConfigurationPlatforms) = preSolution
		Debug|Any CPU = Debug|Any CPU
		Release|Any CPU = Release|Any CPU
	EndGlobalSection
	GlobalSection(ProjectConfigurationPlatforms) = postSolution
		{15724733-6881-41CD-BA5B-9B6C43FCED49}.Debug|Any CPU.ActiveCfg = Debug|Any CPU
		{15724733-6881-41CD-BA5B-9B6C43FCED49}.Debug|Any CPU.Build.0 = Debug|Any CPU
		{15724733-6881-41CD-BA5B-9B6C43FCED49}.Release|Any CPU.ActiveCfg = Release|Any CPU
		{15724733-6881-41CD-BA5B-9B6C43FCED49}.Release|Any CPU.Build.0 = Release|Any CPU
		{A35CD445-4E59-4CA4-B629-CB6E42539D1A}.Debug|Any CPU.ActiveCfg = Debug|Any CPU
		{A35CD445-4E59-4CA4-B629-CB6E42539D1A}.Debug|Any CPU.Build.0 = Debug|Any CPU
		{A35CD445-4E59-4CA4-B629-CB6E42539D1A}.Release|Any CPU.ActiveCfg = Release|Any CPU
		{A35CD445-4E59-4CA4-B629-CB6E42539D1A}.Release|Any CPU.Build.0 = Release|Any CPU
		{46404C4F-C61C-4F29-9D24-BF110F7D89F2}.Debug|Any CPU.ActiveCfg = Debug|Any CPU
		{46404C4F-C61C-4F29-9D24-BF110F7D89F2}.Debug|Any CPU.Build.0 = Debug|Any CPU
		{46404C4F-C61C-4F29-9D24-BF110F7D89F2}.Release|Any CPU.ActiveCfg = Release|Any CPU
		{46404C4F-C61C-4F29-9D24-BF110F7D89F2}.Release|Any CPU.Build.0 = Release|Any CPU
		{3B6F9AF4-AE97-42CA-9067-49E1B94492E8}.Debug|Any CPU.ActiveCfg = Debug|Any CPU
		{3B6F9AF4-AE97-42CA-9067-49E1B94492E8}.Debug|Any CPU.Build.0 = Debug|Any CPU
		{3B6F9AF4-AE97-42CA-9067-49E1B94492E8}.Release|Any CPU.ActiveCfg = Release|Any CPU
		{3B6F9AF4-AE97-42CA-9067-49E1B94492E8}.Release|Any CPU.Build.0 = Release|Any CPU
		{1FC67BA7-3B4E-43A4-8DEC-AAA2AD2E482D}.Debug|Any CPU.ActiveCfg = Debug|Any CPU
		{1FC67BA7-3B4E-43A4-8DEC-AAA2AD2E482D}.Debug|Any CPU.Build.0 = Debug|Any CPU
		{1FC67BA7-3B4E-43A4-8DEC-AAA2AD2E482D}.Release|Any CPU.ActiveCfg = Release|Any CPU
		{1FC67BA7-3B4E-43A4-8DEC-AAA2AD2E482D}.Release|Any CPU.Build.0 = Release|Any CPU
		{1FD4ED26-DF3B-4495-AFAE-1DFFD3B2A006}.Debug|Any CPU.ActiveCfg = Debug|Any CPU
		{1FD4ED26-DF3B-4495-AFAE-1DFFD3B2A006}.Debug|Any CPU.Build.0 = Debug|Any CPU
		{1FD4ED26-DF3B-4495-AFAE-1DFFD3B2A006}.Release|Any CPU.ActiveCfg = Release|Any CPU
		{1FD4ED26-DF3B-4495-AFAE-1DFFD3B2A006}.Release|Any CPU.Build.0 = Release|Any CPU
		{46DA36C7-87B8-45DF-8104-03C84AC631E7}.Debug|Any CPU.ActiveCfg = Debug|Any CPU
		{46DA36C7-87B8-45DF-8104-03C84AC631E7}.Debug|Any CPU.Build.0 = Debug|Any CPU
		{46DA36C7-87B8-45DF-8104-03C84AC631E7}.Release|Any CPU.ActiveCfg = Release|Any CPU
		{46DA36C7-87B8-45DF-8104-03C84AC631E7}.Release|Any CPU.Build.0 = Release|Any CPU
		{BDC9CA59-F3C0-4AF0-B2AF-D9BB99163E66}.Debug|Any CPU.ActiveCfg = Debug|Any CPU
		{BDC9CA59-F3C0-4AF0-B2AF-D9BB99163E66}.Debug|Any CPU.Build.0 = Debug|Any CPU
		{BDC9CA59-F3C0-4AF0-B2AF-D9BB99163E66}.Release|Any CPU.ActiveCfg = Release|Any CPU
		{BDC9CA59-F3C0-4AF0-B2AF-D9BB99163E66}.Release|Any CPU.Build.0 = Release|Any CPU
		{15F1CEF8-0926-411E-8A4C-83D1A13AEF49}.Debug|Any CPU.ActiveCfg = Debug|Any CPU
		{15F1CEF8-0926-411E-8A4C-83D1A13AEF49}.Debug|Any CPU.Build.0 = Debug|Any CPU
		{15F1CEF8-0926-411E-8A4C-83D1A13AEF49}.Release|Any CPU.ActiveCfg = Release|Any CPU
		{15F1CEF8-0926-411E-8A4C-83D1A13AEF49}.Release|Any CPU.Build.0 = Release|Any CPU
		{3D5352D0-3E6E-426F-938F-D55E8F44A4AF}.Debug|Any CPU.ActiveCfg = Debug|Any CPU
		{3D5352D0-3E6E-426F-938F-D55E8F44A4AF}.Debug|Any CPU.Build.0 = Debug|Any CPU
		{3D5352D0-3E6E-426F-938F-D55E8F44A4AF}.Release|Any CPU.ActiveCfg = Release|Any CPU
		{3D5352D0-3E6E-426F-938F-D55E8F44A4AF}.Release|Any CPU.Build.0 = Release|Any CPU
	EndGlobalSection
	GlobalSection(SolutionProperties) = preSolution
		HideSolutionNode = FALSE
	EndGlobalSection
	GlobalSection(NestedProjects) = preSolution
		{0D78D2A0-B052-4DE6-82B5-2073F34140DD} = {A5F97148-2377-4C68-9D47-99A17BCD5E02}
		{15724733-6881-41CD-BA5B-9B6C43FCED49} = {A5F97148-2377-4C68-9D47-99A17BCD5E02}
		{A35CD445-4E59-4CA4-B629-CB6E42539D1A} = {A5F97148-2377-4C68-9D47-99A17BCD5E02}
		{46404C4F-C61C-4F29-9D24-BF110F7D89F2} = {7BFC0BEC-8421-4963-9DD0-202BC44C6282}
		{3B6F9AF4-AE97-42CA-9067-49E1B94492E8} = {7BFC0BEC-8421-4963-9DD0-202BC44C6282}
		{488D6559-A1C0-4CBD-B1DE-DE8C5E7A5B3A} = {7BFC0BEC-8421-4963-9DD0-202BC44C6282}
		{1FC67BA7-3B4E-43A4-8DEC-AAA2AD2E482D} = {488D6559-A1C0-4CBD-B1DE-DE8C5E7A5B3A}
		{1FD4ED26-DF3B-4495-AFAE-1DFFD3B2A006} = {488D6559-A1C0-4CBD-B1DE-DE8C5E7A5B3A}
		{46DA36C7-87B8-45DF-8104-03C84AC631E7} = {488D6559-A1C0-4CBD-B1DE-DE8C5E7A5B3A}
		{BDC9CA59-F3C0-4AF0-B2AF-D9BB99163E66} = {488D6559-A1C0-4CBD-B1DE-DE8C5E7A5B3A}
		{15F1CEF8-0926-411E-8A4C-83D1A13AEF49} = {A0947BA0-BBDC-4457-B574-9471516089A3}
		{3D5352D0-3E6E-426F-938F-D55E8F44A4AF} = {E65B6295-521C-49F9-9E29-2B3DDFC2E1FC}
	EndGlobalSection
EndGlobal
